
Microsoft Visual Studio Solution File, Format Version 12.00
Project("{2150E333-8FDC-42A3-9474-1A3956D46DE8}") = "src", "src", "{3A8B6812-B42A-4F1B-962F-E4C2696A6F46}"
EndProject
Project("{2150E333-8FDC-42A3-9474-1A3956D46DE8}") = "tests", "tests", "{ABD7D257-AE9C-4DCB-9224-80938748474C}"
EndProject
Project("{FAE04EC0-301F-11D3-BF4B-00C04F79EFBC}") = "Lab1", "src\Lab1\Lab1.csproj", "{25EFCB64-8B06-4F6A-BBFD-9F713438637F}"
EndProject
Project("{FAE04EC0-301F-11D3-BF4B-00C04F79EFBC}") = "Lab2", "src\Lab2\Lab2.csproj", "{7392F3A8-8E4F-4353-9023-51F0DCF56416}"
EndProject
Project("{FAE04EC0-301F-11D3-BF4B-00C04F79EFBC}") = "Lab3", "src\Lab3\Lab3.csproj", "{9CC87A20-A988-4109-B1B4-AF1E8C634110}"
EndProject
Project("{FAE04EC0-301F-11D3-BF4B-00C04F79EFBC}") = "Lab4", "src\Lab4\Lab4.csproj", "{00526AC5-5908-441E-ADA5-2E8BBC91919F}"
EndProject
Project("{FAE04EC0-301F-11D3-BF4B-00C04F79EFBC}") = "Lab1.Tests", "tests\Lab1.Tests\Lab1.Tests.csproj", "{FAE8F20B-EB2D-4E9F-A9C9-69761E5B4604}"
EndProject
Project("{FAE04EC0-301F-11D3-BF4B-00C04F79EFBC}") = "Lab2.Tests", "tests\Lab2.Tests\Lab2.Tests.csproj", "{7D2B8E68-304A-4946-987E-4F29F0FCC3A4}"
EndProject
Project("{FAE04EC0-301F-11D3-BF4B-00C04F79EFBC}") = "Lab3.Tests", "tests\Lab3.Tests\Lab3.Tests.csproj", "{3A3ABC1F-44EE-41D7-B0F1-F0D962E5746B}"
EndProject
Project("{FAE04EC0-301F-11D3-BF4B-00C04F79EFBC}") = "Lab4.Tests", "tests\Lab4.Tests\Lab4.Tests.csproj", "{2BC795FD-9FAC-419E-A8A5-4C432451CBD1}"
EndProject
Project("{FAE04EC0-301F-11D3-BF4B-00C04F79EFBC}") = "Lab5.Tests", "tests\Lab5.Tests\Lab5.Tests.csproj", "{6B113055-EABD-4475-9A6B-C54320ED1F26}"
EndProject
Project("{2150E333-8FDC-42A3-9474-1A3956D46DE8}") = "common", "common", "{3DB12F6C-143E-4086-BCB2-2EC3461BC353}"
	ProjectSection(SolutionItems) = preProject
		Directory.Packages.props = Directory.Packages.props
		Directory.Build.props = Directory.Build.props
		.gitignore = .gitignore
		.editorconfig = .editorconfig
	EndProjectSection
EndProject
Project("{2150E333-8FDC-42A3-9474-1A3956D46DE8}") = "Lab5", "Lab5", "{554681F4-2428-459D-9B60-BC4FDCD1421D}"
EndProject
Project("{2150E333-8FDC-42A3-9474-1A3956D46DE8}") = "Application", "Application", "{6CE26FC6-F896-4200-B14C-9D49540E448D}"
EndProject
Project("{2150E333-8FDC-42A3-9474-1A3956D46DE8}") = "Infrastructure", "Infrastructure", "{39F11D71-9554-43ED-A88D-339752FC676A}"
EndProject
Project("{FAE04EC0-301F-11D3-BF4B-00C04F79EFBC}") = "Lab5.Application.Models", "src\Lab5\Application\Lab5.Application.Models\Lab5.Application.Models.csproj", "{4CDE2A8E-8313-4A46-AC02-A67F7968CE19}"
EndProject
Project("{FAE04EC0-301F-11D3-BF4B-00C04F79EFBC}") = "Lab5.Application.Services", "src\Lab5\Application\Lab5.Application.Services\Lab5.Application.Services.csproj", "{99F026F0-367C-47DD-B53F-3A1F4E82C2A2}"
EndProject
Project("{FAE04EC0-301F-11D3-BF4B-00C04F79EFBC}") = "Lab5.Infrastucture.DataAccess", "src\Lab5\Infrastructure\Lab5.Infrastucture.DataAccess\Lab5.Infrastucture.DataAccess.csproj", "{6D4A1D8C-F9D0-41DE-BDBE-9ACD8464E1F2}"
EndProject
Project("{FAE04EC0-301F-11D3-BF4B-00C04F79EFBC}") = "Lab5.Application", "src\Lab5\Application\Lab5.Application\Lab5.Application.csproj", "{C807D72F-4C20-400A-BBBA-3809C1718559}"
EndProject
Project("{FAE04EC0-301F-11D3-BF4B-00C04F79EFBC}") = "Lab5.Application.Abstractions", "src\Lab5\Application\Lab5.Application.Abstractions\Lab5.Application.Abstractions.csproj", "{2F9448F2-0D76-4532-A73C-EB0EE5416539}"
EndProject
Project("{2150E333-8FDC-42A3-9474-1A3956D46DE8}") = "Presentation", "Presentation", "{B84A7D45-18B8-4005-83BE-C299990AF07F}"
EndProject
Project("{FAE04EC0-301F-11D3-BF4B-00C04F79EFBC}") = "Lab5.Presentation.Console", "src\Lab5\Presentation\Lab5.Presentation.Console\Lab5.Presentation.Console.csproj", "{6CB86526-7F72-4583-8086-1A1A454A35C1}"
EndProject
Project("{FAE04EC0-301F-11D3-BF4B-00C04F79EFBC}") = "Lab5", "src\Lab5\Lab5\Lab5.csproj", "{63820CCA-E245-4B7F-A1E5-8145D1794DC6}"
EndProject
Global
	GlobalSection(SolutionConfigurationPlatforms) = preSolution
		Debug|Any CPU = Debug|Any CPU
		Release|Any CPU = Release|Any CPU
	EndGlobalSection
	GlobalSection(NestedProjects) = preSolution
		{25EFCB64-8B06-4F6A-BBFD-9F713438637F} = {3A8B6812-B42A-4F1B-962F-E4C2696A6F46}
		{7392F3A8-8E4F-4353-9023-51F0DCF56416} = {3A8B6812-B42A-4F1B-962F-E4C2696A6F46}
		{9CC87A20-A988-4109-B1B4-AF1E8C634110} = {3A8B6812-B42A-4F1B-962F-E4C2696A6F46}
		{00526AC5-5908-441E-ADA5-2E8BBC91919F} = {3A8B6812-B42A-4F1B-962F-E4C2696A6F46}
		{FAE8F20B-EB2D-4E9F-A9C9-69761E5B4604} = {ABD7D257-AE9C-4DCB-9224-80938748474C}
		{7D2B8E68-304A-4946-987E-4F29F0FCC3A4} = {ABD7D257-AE9C-4DCB-9224-80938748474C}
		{3A3ABC1F-44EE-41D7-B0F1-F0D962E5746B} = {ABD7D257-AE9C-4DCB-9224-80938748474C}
		{2BC795FD-9FAC-419E-A8A5-4C432451CBD1} = {ABD7D257-AE9C-4DCB-9224-80938748474C}
		{6B113055-EABD-4475-9A6B-C54320ED1F26} = {ABD7D257-AE9C-4DCB-9224-80938748474C}
		{554681F4-2428-459D-9B60-BC4FDCD1421D} = {3A8B6812-B42A-4F1B-962F-E4C2696A6F46}
		{6CE26FC6-F896-4200-B14C-9D49540E448D} = {554681F4-2428-459D-9B60-BC4FDCD1421D}
		{39F11D71-9554-43ED-A88D-339752FC676A} = {554681F4-2428-459D-9B60-BC4FDCD1421D}
		{4CDE2A8E-8313-4A46-AC02-A67F7968CE19} = {6CE26FC6-F896-4200-B14C-9D49540E448D}
		{99F026F0-367C-47DD-B53F-3A1F4E82C2A2} = {6CE26FC6-F896-4200-B14C-9D49540E448D}
		{6D4A1D8C-F9D0-41DE-BDBE-9ACD8464E1F2} = {39F11D71-9554-43ED-A88D-339752FC676A}
		{C807D72F-4C20-400A-BBBA-3809C1718559} = {6CE26FC6-F896-4200-B14C-9D49540E448D}
		{2F9448F2-0D76-4532-A73C-EB0EE5416539} = {6CE26FC6-F896-4200-B14C-9D49540E448D}
		{B84A7D45-18B8-4005-83BE-C299990AF07F} = {554681F4-2428-459D-9B60-BC4FDCD1421D}
		{6CB86526-7F72-4583-8086-1A1A454A35C1} = {B84A7D45-18B8-4005-83BE-C299990AF07F}
		{63820CCA-E245-4B7F-A1E5-8145D1794DC6} = {554681F4-2428-459D-9B60-BC4FDCD1421D}
	EndGlobalSection
	GlobalSection(ProjectConfigurationPlatforms) = postSolution
		{25EFCB64-8B06-4F6A-BBFD-9F713438637F}.Debug|Any CPU.ActiveCfg = Debug|Any CPU
		{25EFCB64-8B06-4F6A-BBFD-9F713438637F}.Debug|Any CPU.Build.0 = Debug|Any CPU
		{25EFCB64-8B06-4F6A-BBFD-9F713438637F}.Release|Any CPU.ActiveCfg = Release|Any CPU
		{25EFCB64-8B06-4F6A-BBFD-9F713438637F}.Release|Any CPU.Build.0 = Release|Any CPU
		{7392F3A8-8E4F-4353-9023-51F0DCF56416}.Debug|Any CPU.ActiveCfg = Debug|Any CPU
		{7392F3A8-8E4F-4353-9023-51F0DCF56416}.Debug|Any CPU.Build.0 = Debug|Any CPU
		{7392F3A8-8E4F-4353-9023-51F0DCF56416}.Release|Any CPU.ActiveCfg = Release|Any CPU
		{7392F3A8-8E4F-4353-9023-51F0DCF56416}.Release|Any CPU.Build.0 = Release|Any CPU
		{9CC87A20-A988-4109-B1B4-AF1E8C634110}.Debug|Any CPU.ActiveCfg = Debug|Any CPU
		{9CC87A20-A988-4109-B1B4-AF1E8C634110}.Debug|Any CPU.Build.0 = Debug|Any CPU
		{9CC87A20-A988-4109-B1B4-AF1E8C634110}.Release|Any CPU.ActiveCfg = Release|Any CPU
		{9CC87A20-A988-4109-B1B4-AF1E8C634110}.Release|Any CPU.Build.0 = Release|Any CPU
		{00526AC5-5908-441E-ADA5-2E8BBC91919F}.Debug|Any CPU.ActiveCfg = Debug|Any CPU
		{00526AC5-5908-441E-ADA5-2E8BBC91919F}.Debug|Any CPU.Build.0 = Debug|Any CPU
		{00526AC5-5908-441E-ADA5-2E8BBC91919F}.Release|Any CPU.ActiveCfg = Release|Any CPU
		{00526AC5-5908-441E-ADA5-2E8BBC91919F}.Release|Any CPU.Build.0 = Release|Any CPU
		{FAE8F20B-EB2D-4E9F-A9C9-69761E5B4604}.Debug|Any CPU.ActiveCfg = Debug|Any CPU
		{FAE8F20B-EB2D-4E9F-A9C9-69761E5B4604}.Debug|Any CPU.Build.0 = Debug|Any CPU
		{FAE8F20B-EB2D-4E9F-A9C9-69761E5B4604}.Release|Any CPU.ActiveCfg = Release|Any CPU
		{FAE8F20B-EB2D-4E9F-A9C9-69761E5B4604}.Release|Any CPU.Build.0 = Release|Any CPU
		{7D2B8E68-304A-4946-987E-4F29F0FCC3A4}.Debug|Any CPU.ActiveCfg = Debug|Any CPU
		{7D2B8E68-304A-4946-987E-4F29F0FCC3A4}.Debug|Any CPU.Build.0 = Debug|Any CPU
		{7D2B8E68-304A-4946-987E-4F29F0FCC3A4}.Release|Any CPU.ActiveCfg = Release|Any CPU
		{7D2B8E68-304A-4946-987E-4F29F0FCC3A4}.Release|Any CPU.Build.0 = Release|Any CPU
		{3A3ABC1F-44EE-41D7-B0F1-F0D962E5746B}.Debug|Any CPU.ActiveCfg = Debug|Any CPU
		{3A3ABC1F-44EE-41D7-B0F1-F0D962E5746B}.Debug|Any CPU.Build.0 = Debug|Any CPU
		{3A3ABC1F-44EE-41D7-B0F1-F0D962E5746B}.Release|Any CPU.ActiveCfg = Release|Any CPU
		{3A3ABC1F-44EE-41D7-B0F1-F0D962E5746B}.Release|Any CPU.Build.0 = Release|Any CPU
		{2BC795FD-9FAC-419E-A8A5-4C432451CBD1}.Debug|Any CPU.ActiveCfg = Debug|Any CPU
		{2BC795FD-9FAC-419E-A8A5-4C432451CBD1}.Debug|Any CPU.Build.0 = Debug|Any CPU
		{2BC795FD-9FAC-419E-A8A5-4C432451CBD1}.Release|Any CPU.ActiveCfg = Release|Any CPU
		{2BC795FD-9FAC-419E-A8A5-4C432451CBD1}.Release|Any CPU.Build.0 = Release|Any CPU
		{6B113055-EABD-4475-9A6B-C54320ED1F26}.Debug|Any CPU.ActiveCfg = Debug|Any CPU
		{6B113055-EABD-4475-9A6B-C54320ED1F26}.Debug|Any CPU.Build.0 = Debug|Any CPU
		{6B113055-EABD-4475-9A6B-C54320ED1F26}.Release|Any CPU.ActiveCfg = Release|Any CPU
		{6B113055-EABD-4475-9A6B-C54320ED1F26}.Release|Any CPU.Build.0 = Release|Any CPU
		{4CDE2A8E-8313-4A46-AC02-A67F7968CE19}.Debug|Any CPU.ActiveCfg = Debug|Any CPU
		{4CDE2A8E-8313-4A46-AC02-A67F7968CE19}.Debug|Any CPU.Build.0 = Debug|Any CPU
		{4CDE2A8E-8313-4A46-AC02-A67F7968CE19}.Release|Any CPU.ActiveCfg = Release|Any CPU
		{4CDE2A8E-8313-4A46-AC02-A67F7968CE19}.Release|Any CPU.Build.0 = Release|Any CPU
		{99F026F0-367C-47DD-B53F-3A1F4E82C2A2}.Debug|Any CPU.ActiveCfg = Debug|Any CPU
		{99F026F0-367C-47DD-B53F-3A1F4E82C2A2}.Debug|Any CPU.Build.0 = Debug|Any CPU
		{99F026F0-367C-47DD-B53F-3A1F4E82C2A2}.Release|Any CPU.ActiveCfg = Release|Any CPU
		{99F026F0-367C-47DD-B53F-3A1F4E82C2A2}.Release|Any CPU.Build.0 = Release|Any CPU
		{6D4A1D8C-F9D0-41DE-BDBE-9ACD8464E1F2}.Debug|Any CPU.ActiveCfg = Debug|Any CPU
		{6D4A1D8C-F9D0-41DE-BDBE-9ACD8464E1F2}.Debug|Any CPU.Build.0 = Debug|Any CPU
		{6D4A1D8C-F9D0-41DE-BDBE-9ACD8464E1F2}.Release|Any CPU.ActiveCfg = Release|Any CPU
		{6D4A1D8C-F9D0-41DE-BDBE-9ACD8464E1F2}.Release|Any CPU.Build.0 = Release|Any CPU
		{C807D72F-4C20-400A-BBBA-3809C1718559}.Debug|Any CPU.ActiveCfg = Debug|Any CPU
		{C807D72F-4C20-400A-BBBA-3809C1718559}.Debug|Any CPU.Build.0 = Debug|Any CPU
		{C807D72F-4C20-400A-BBBA-3809C1718559}.Release|Any CPU.ActiveCfg = Release|Any CPU
		{C807D72F-4C20-400A-BBBA-3809C1718559}.Release|Any CPU.Build.0 = Release|Any CPU
		{2F9448F2-0D76-4532-A73C-EB0EE5416539}.Debug|Any CPU.ActiveCfg = Debug|Any CPU
		{2F9448F2-0D76-4532-A73C-EB0EE5416539}.Debug|Any CPU.Build.0 = Debug|Any CPU
		{2F9448F2-0D76-4532-A73C-EB0EE5416539}.Release|Any CPU.ActiveCfg = Release|Any CPU
		{2F9448F2-0D76-4532-A73C-EB0EE5416539}.Release|Any CPU.Build.0 = Release|Any CPU
		{6CB86526-7F72-4583-8086-1A1A454A35C1}.Debug|Any CPU.ActiveCfg = Debug|Any CPU
		{6CB86526-7F72-4583-8086-1A1A454A35C1}.Debug|Any CPU.Build.0 = Debug|Any CPU
		{6CB86526-7F72-4583-8086-1A1A454A35C1}.Release|Any CPU.ActiveCfg = Release|Any CPU
		{6CB86526-7F72-4583-8086-1A1A454A35C1}.Release|Any CPU.Build.0 = Release|Any CPU
		{63820CCA-E245-4B7F-A1E5-8145D1794DC6}.Debug|Any CPU.ActiveCfg = Debug|Any CPU
		{63820CCA-E245-4B7F-A1E5-8145D1794DC6}.Debug|Any CPU.Build.0 = Debug|Any CPU
		{63820CCA-E245-4B7F-A1E5-8145D1794DC6}.Release|Any CPU.ActiveCfg = Release|Any CPU
		{63820CCA-E245-4B7F-A1E5-8145D1794DC6}.Release|Any CPU.Build.0 = Release|Any CPU
	EndGlobalSection
EndGlobal
